
Microsoft Visual Studio Solution File, Format Version 12.00
# Visual Studio Version 17
VisualStudioVersion = 17.4.33103.184
MinimumVisualStudioVersion = 10.0.40219.1
Project("{FAE04EC0-301F-11D3-BF4B-00C04F79EFBC}") = "gRPCClient", "gRPCClient\gRPCClient.csproj", "{9522923B-5E4C-4808-AB64-C816E2B365DA}"
EndProject
Global
	GlobalSection(SolutionConfigurationPlatforms) = preSolution
		Debug|Any CPU = Debug|Any CPU
		Release|Any CPU = Release|Any CPU
	EndGlobalSection
	GlobalSection(ProjectConfigurationPlatforms) = postSolution
		{9522923B-5E4C-4808-AB64-C816E2B365DA}.Debug|Any CPU.ActiveCfg = Debug|Any CPU
		{9522923B-5E4C-4808-AB64-C816E2B365DA}.Debug|Any CPU.Build.0 = Debug|Any CPU
		{9522923B-5E4C-4808-AB64-C816E2B365DA}.Release|Any CPU.ActiveCfg = Release|Any CPU
		{9522923B-5E4C-4808-AB64-C816E2B365DA}.Release|Any CPU.Build.0 = Release|Any CPU
	EndGlobalSection
	GlobalSection(SolutionProperties) = preSolution
		HideSolutionNode = FALSE
	EndGlobalSection
	GlobalSection(ExtensibilityGlobals) = postSolution
		SolutionGuid = {8B77B614-15F0-400A-A2B5-A3EFF50E7678}
	EndGlobalSection
EndGlobal
